
Microsoft Visual Studio Solution File, Format Version 12.00
# Visual Studio Version 17
VisualStudioVersion = 17.9.34723.18
MinimumVisualStudioVersion = 10.0.40219.1
Project("{FAE04EC0-301F-11D3-BF4B-00C04F79EFBC}") = "TechShop.UI", "TechShop\TechShop.UI.csproj", "{189500D7-F9A0-490B-BDFB-E32A32A2360D}"
EndProject
Project("{FAE04EC0-301F-11D3-BF4B-00C04F79EFBC}") = "TechShop.API", "TechShop.API\TechShop.API.csproj", "{576F1029-CB26-46F6-9AA0-5571BAA61F73}"
EndProject
Global
	GlobalSection(SolutionConfigurationPlatforms) = preSolution
		Debug|Any CPU = Debug|Any CPU
		Release|Any CPU = Release|Any CPU
	EndGlobalSection
	GlobalSection(ProjectConfigurationPlatforms) = postSolution
		{189500D7-F9A0-490B-BDFB-E32A32A2360D}.Debug|Any CPU.ActiveCfg = Debug|Any CPU
		{189500D7-F9A0-490B-BDFB-E32A32A2360D}.Debug|Any CPU.Build.0 = Debug|Any CPU
		{189500D7-F9A0-490B-BDFB-E32A32A2360D}.Release|Any CPU.ActiveCfg = Release|Any CPU
		{189500D7-F9A0-490B-BDFB-E32A32A2360D}.Release|Any CPU.Build.0 = Release|Any CPU
		{576F1029-CB26-46F6-9AA0-5571BAA61F73}.Debug|Any CPU.ActiveCfg = Debug|Any CPU
		{576F1029-CB26-46F6-9AA0-5571BAA61F73}.Debug|Any CPU.Build.0 = Debug|Any CPU
		{576F1029-CB26-46F6-9AA0-5571BAA61F73}.Release|Any CPU.ActiveCfg = Release|Any CPU
		{576F1029-CB26-46F6-9AA0-5571BAA61F73}.Release|Any CPU.Build.0 = Release|Any CPU
	EndGlobalSection
	GlobalSection(SolutionProperties) = preSolution
		HideSolutionNode = FALSE
	EndGlobalSection
	GlobalSection(ExtensibilityGlobals) = postSolution
		SolutionGuid = {D38E28A1-BF19-456F-96DA-1B2245E14BF9}
	EndGlobalSection
EndGlobal
